
Microsoft Visual Studio Solution File, Format Version 12.00
# Visual Studio Version 17
VisualStudioVersion = 17.8.34330.188
MinimumVisualStudioVersion = 10.0.40219.1
Project("{FAE04EC0-301F-11D3-BF4B-00C04F79EFBC}") = "ApplicationDB", "ApplicationDB\ApplicationDB.csproj", "{50ADFC5B-0F3D-4FFB-A056-C89B4C7E1595}"
EndProject
Global
	GlobalSection(SolutionConfigurationPlatforms) = preSolution
		Debug|Any CPU = Debug|Any CPU
		Release|Any CPU = Release|Any CPU
	EndGlobalSection
	GlobalSection(ProjectConfigurationPlatforms) = postSolution
		{50ADFC5B-0F3D-4FFB-A056-C89B4C7E1595}.Debug|Any CPU.ActiveCfg = Debug|Any CPU
		{50ADFC5B-0F3D-4FFB-A056-C89B4C7E1595}.Debug|Any CPU.Build.0 = Debug|Any CPU
		{50ADFC5B-0F3D-4FFB-A056-C89B4C7E1595}.Release|Any CPU.ActiveCfg = Release|Any CPU
		{50ADFC5B-0F3D-4FFB-A056-C89B4C7E1595}.Release|Any CPU.Build.0 = Release|Any CPU
	EndGlobalSection
	GlobalSection(SolutionProperties) = preSolution
		HideSolutionNode = FALSE
	EndGlobalSection
	GlobalSection(ExtensibilityGlobals) = postSolution
		SolutionGuid = {D3461E19-AAAC-4D34-8070-C0583E5D77F2}
	EndGlobalSection
EndGlobal
